
Microsoft Visual Studio Solution File, Format Version 12.00
# Visual Studio Version 17
VisualStudioVersion = 17.5.002.0
MinimumVisualStudioVersion = 10.0.40219.1
Project("{2150E333-8FDC-42A3-9474-1A3956D46DE8}") = "CsharpProjects", "CsharpProjects", "{C5028251-EB8D-4172-B5A3-B4EBD448E5E1}"
EndProject
Project("{9A19103F-16F7-4668-BE54-9A1E7A4F7556}") = "TestProject", "CsharpProjects\TestProject\TestProject.csproj", "{BF3D8478-AA9A-4A7C-A4C7-24662E712449}"
EndProject
Global
	GlobalSection(SolutionConfigurationPlatforms) = preSolution
		Debug|Any CPU = Debug|Any CPU
		Release|Any CPU = Release|Any CPU
	EndGlobalSection
	GlobalSection(ProjectConfigurationPlatforms) = postSolution
		{BF3D8478-AA9A-4A7C-A4C7-24662E712449}.Debug|Any CPU.ActiveCfg = Debug|Any CPU
		{BF3D8478-AA9A-4A7C-A4C7-24662E712449}.Debug|Any CPU.Build.0 = Debug|Any CPU
		{BF3D8478-AA9A-4A7C-A4C7-24662E712449}.Release|Any CPU.ActiveCfg = Release|Any CPU
		{BF3D8478-AA9A-4A7C-A4C7-24662E712449}.Release|Any CPU.Build.0 = Release|Any CPU
	EndGlobalSection
	GlobalSection(SolutionProperties) = preSolution
		HideSolutionNode = FALSE
	EndGlobalSection
	GlobalSection(NestedProjects) = preSolution
		{BF3D8478-AA9A-4A7C-A4C7-24662E712449} = {C5028251-EB8D-4172-B5A3-B4EBD448E5E1}
	EndGlobalSection
	GlobalSection(ExtensibilityGlobals) = postSolution
		SolutionGuid = {1BFFBEA9-96DE-4E72-B644-AF219F6699AF}
	EndGlobalSection
EndGlobal
